
Microsoft Visual Studio Solution File, Format Version 12.00
# Visual Studio Version 17
VisualStudioVersion = 17.13.35931.197 d17.13
MinimumVisualStudioVersion = 10.0.40219.1
Project("{FAE04EC0-301F-11D3-BF4B-00C04F79EFBC}") = "CompanyManagement", "CompanyManagement\CompanyManagement.csproj", "{80E7CE6A-E809-4159-9CC8-83C72C026397}"
EndProject
Project("{FAE04EC0-301F-11D3-BF4B-00C04F79EFBC}") = "DAL", "DAL\DAL.csproj", "{4DA4D5E0-855F-4357-8FF8-2B2C2275E43B}"
EndProject
Project("{FAE04EC0-301F-11D3-BF4B-00C04F79EFBC}") = "BLL", "BLL\BLL.csproj", "{46E35880-6467-4526-9FBA-F0CD3F0CC127}"
EndProject
Global
	GlobalSection(SolutionConfigurationPlatforms) = preSolution
		Debug|Any CPU = Debug|Any CPU
		Release|Any CPU = Release|Any CPU
	EndGlobalSection
	GlobalSection(ProjectConfigurationPlatforms) = postSolution
		{80E7CE6A-E809-4159-9CC8-83C72C026397}.Debug|Any CPU.ActiveCfg = Debug|Any CPU
		{80E7CE6A-E809-4159-9CC8-83C72C026397}.Debug|Any CPU.Build.0 = Debug|Any CPU
		{80E7CE6A-E809-4159-9CC8-83C72C026397}.Release|Any CPU.ActiveCfg = Release|Any CPU
		{80E7CE6A-E809-4159-9CC8-83C72C026397}.Release|Any CPU.Build.0 = Release|Any CPU
		{4DA4D5E0-855F-4357-8FF8-2B2C2275E43B}.Debug|Any CPU.ActiveCfg = Debug|Any CPU
		{4DA4D5E0-855F-4357-8FF8-2B2C2275E43B}.Debug|Any CPU.Build.0 = Debug|Any CPU
		{4DA4D5E0-855F-4357-8FF8-2B2C2275E43B}.Release|Any CPU.ActiveCfg = Release|Any CPU
		{4DA4D5E0-855F-4357-8FF8-2B2C2275E43B}.Release|Any CPU.Build.0 = Release|Any CPU
		{46E35880-6467-4526-9FBA-F0CD3F0CC127}.Debug|Any CPU.ActiveCfg = Debug|Any CPU
		{46E35880-6467-4526-9FBA-F0CD3F0CC127}.Debug|Any CPU.Build.0 = Debug|Any CPU
		{46E35880-6467-4526-9FBA-F0CD3F0CC127}.Release|Any CPU.ActiveCfg = Release|Any CPU
		{46E35880-6467-4526-9FBA-F0CD3F0CC127}.Release|Any CPU.Build.0 = Release|Any CPU
	EndGlobalSection
	GlobalSection(SolutionProperties) = preSolution
		HideSolutionNode = FALSE
	EndGlobalSection
	GlobalSection(ExtensibilityGlobals) = postSolution
		SolutionGuid = {8A662169-0680-4FEE-8FE7-DB63B0BA045D}
	EndGlobalSection
EndGlobal
